
Microsoft Visual Studio Solution File, Format Version 12.00
# Visual Studio Version 17
VisualStudioVersion = 17.1.32228.430
MinimumVisualStudioVersion = 10.0.40219.1
Project("{FAE04EC0-301F-11D3-BF4B-00C04F79EFBC}") = "testzk", "testzk.csproj", "{E9815AD0-5C62-45B3-96A1-260A9A84113F}"
EndProject
Global
	GlobalSection(SolutionConfigurationPlatforms) = preSolution
		Debug|Any CPU = Debug|Any CPU
		Release|Any CPU = Release|Any CPU
	EndGlobalSection
	GlobalSection(ProjectConfigurationPlatforms) = postSolution
		{E9815AD0-5C62-45B3-96A1-260A9A84113F}.Debug|Any CPU.ActiveCfg = Debug|Any CPU
		{E9815AD0-5C62-45B3-96A1-260A9A84113F}.Debug|Any CPU.Build.0 = Debug|Any CPU
		{E9815AD0-5C62-45B3-96A1-260A9A84113F}.Release|Any CPU.ActiveCfg = Release|Any CPU
		{E9815AD0-5C62-45B3-96A1-260A9A84113F}.Release|Any CPU.Build.0 = Release|Any CPU
	EndGlobalSection
	GlobalSection(SolutionProperties) = preSolution
		HideSolutionNode = FALSE
	EndGlobalSection
	GlobalSection(ExtensibilityGlobals) = postSolution
		SolutionGuid = {50E42A19-CEB9-41FD-BE5D-D2E767857C77}
	EndGlobalSection
EndGlobal
